
Microsoft Visual Studio Solution File, Format Version 12.00
# Visual Studio Version 16
VisualStudioVersion = 16.0.28803.156
MinimumVisualStudioVersion = 10.0.40219.1
Project("{2150E333-8FDC-42A3-9474-1A3956D46DE8}") = "Services", "Services", "{F3A3D7A9-2F28-4DA8-A6B1-F6F7E5B1BFA6}"
EndProject
Project("{2150E333-8FDC-42A3-9474-1A3956D46DE8}") = "OrderService", "OrderService", "{10409F40-8AC8-469E-8095-29B9A668FBF1}"
EndProject
Project("{FAE04EC0-301F-11D3-BF4B-00C04F79EFBC}") = "OrderService.API", "OrderService.Api\OrderService.API.csproj", "{48099C11-A59C-46F1-A57B-13AA163CAB8C}"
EndProject
Project("{FAE04EC0-301F-11D3-BF4B-00C04F79EFBC}") = "OrderService.Domain", "Order.Domain\OrderService.Domain.csproj", "{DA1851C7-7C14-42A5-ACD2-8E9771118764}"
EndProject
Project("{FAE04EC0-301F-11D3-BF4B-00C04F79EFBC}") = "OrderService.Infrastructure", "OrderService.Infrastructure\OrderService.Infrastructure.csproj", "{C7177A57-504C-43D2-A62D-459E7B8FDE99}"
EndProject
Global
	GlobalSection(SolutionConfigurationPlatforms) = preSolution
		Debug|Any CPU = Debug|Any CPU
		Release|Any CPU = Release|Any CPU
	EndGlobalSection
	GlobalSection(ProjectConfigurationPlatforms) = postSolution
		{48099C11-A59C-46F1-A57B-13AA163CAB8C}.Debug|Any CPU.ActiveCfg = Debug|Any CPU
		{48099C11-A59C-46F1-A57B-13AA163CAB8C}.Debug|Any CPU.Build.0 = Debug|Any CPU
		{48099C11-A59C-46F1-A57B-13AA163CAB8C}.Release|Any CPU.ActiveCfg = Release|Any CPU
		{48099C11-A59C-46F1-A57B-13AA163CAB8C}.Release|Any CPU.Build.0 = Release|Any CPU
		{DA1851C7-7C14-42A5-ACD2-8E9771118764}.Debug|Any CPU.ActiveCfg = Debug|Any CPU
		{DA1851C7-7C14-42A5-ACD2-8E9771118764}.Debug|Any CPU.Build.0 = Debug|Any CPU
		{DA1851C7-7C14-42A5-ACD2-8E9771118764}.Release|Any CPU.ActiveCfg = Release|Any CPU
		{DA1851C7-7C14-42A5-ACD2-8E9771118764}.Release|Any CPU.Build.0 = Release|Any CPU
		{C7177A57-504C-43D2-A62D-459E7B8FDE99}.Debug|Any CPU.ActiveCfg = Debug|Any CPU
		{C7177A57-504C-43D2-A62D-459E7B8FDE99}.Debug|Any CPU.Build.0 = Debug|Any CPU
		{C7177A57-504C-43D2-A62D-459E7B8FDE99}.Release|Any CPU.ActiveCfg = Release|Any CPU
		{C7177A57-504C-43D2-A62D-459E7B8FDE99}.Release|Any CPU.Build.0 = Release|Any CPU
	EndGlobalSection
	GlobalSection(SolutionProperties) = preSolution
		HideSolutionNode = FALSE
	EndGlobalSection
	GlobalSection(NestedProjects) = preSolution
		{10409F40-8AC8-469E-8095-29B9A668FBF1} = {F3A3D7A9-2F28-4DA8-A6B1-F6F7E5B1BFA6}
		{48099C11-A59C-46F1-A57B-13AA163CAB8C} = {10409F40-8AC8-469E-8095-29B9A668FBF1}
		{DA1851C7-7C14-42A5-ACD2-8E9771118764} = {10409F40-8AC8-469E-8095-29B9A668FBF1}
		{C7177A57-504C-43D2-A62D-459E7B8FDE99} = {10409F40-8AC8-469E-8095-29B9A668FBF1}
	EndGlobalSection
	GlobalSection(ExtensibilityGlobals) = postSolution
		SolutionGuid = {27FA4F40-365E-4869-89BA-F2154F4623A0}
	EndGlobalSection
EndGlobal
